# This file is automatically @generated by Poetry 1.6.1 and should not be changed by hand.
# Generated for PQCrypto_FM plugin

[[package]]
name = "aries-cloudagent"
version = "1.0.0"
description = "Aries Cloud Agent Python"

[[package]]  
name = "liboqs-python"
version = "0.12.0"
description = "Python bindings for liboqs"

[metadata]
lock-version = "2.0"
python-versions = "^3.9"
content-hash = "placeholder"
